
Microsoft Visual Studio Solution File, Format Version 12.00
# Visual Studio Version 17
VisualStudioVersion = 17.4.33213.308
MinimumVisualStudioVersion = 10.0.40219.1
Project("{FAE04EC0-301F-11D3-BF4B-00C04F79EFBC}") = "ex29", "ex29\ex29.csproj", "{BC888C52-22E4-4939-9759-9011E4EE87EA}"
EndProject
Global
	GlobalSection(SolutionConfigurationPlatforms) = preSolution
		Debug|Any CPU = Debug|Any CPU
		Release|Any CPU = Release|Any CPU
	EndGlobalSection
	GlobalSection(ProjectConfigurationPlatforms) = postSolution
		{BC888C52-22E4-4939-9759-9011E4EE87EA}.Debug|Any CPU.ActiveCfg = Debug|Any CPU
		{BC888C52-22E4-4939-9759-9011E4EE87EA}.Debug|Any CPU.Build.0 = Debug|Any CPU
		{BC888C52-22E4-4939-9759-9011E4EE87EA}.Release|Any CPU.ActiveCfg = Release|Any CPU
		{BC888C52-22E4-4939-9759-9011E4EE87EA}.Release|Any CPU.Build.0 = Release|Any CPU
	EndGlobalSection
	GlobalSection(SolutionProperties) = preSolution
		HideSolutionNode = FALSE
	EndGlobalSection
	GlobalSection(ExtensibilityGlobals) = postSolution
		SolutionGuid = {4308CEC1-8FAC-4D55-A48F-1943D76563A7}
	EndGlobalSection
EndGlobal
